
Microsoft Visual Studio Solution File, Format Version 12.00
# Visual Studio 2012
Project("{8BC9CEB8-8B4A-11D0-8D11-00A0C91BC942}") = "FGC_T4", "FGC_T4\FGC_T4.vcxproj", "{BC1BF15F-A001-400E-8B8F-3C44EED87A8C}"
EndProject
Global
	GlobalSection(SolutionConfigurationPlatforms) = preSolution
		Debug|Win32 = Debug|Win32
		Release|Win32 = Release|Win32
	EndGlobalSection
	GlobalSection(ProjectConfigurationPlatforms) = postSolution
		{BC1BF15F-A001-400E-8B8F-3C44EED87A8C}.Debug|Win32.ActiveCfg = Debug|Win32
		{BC1BF15F-A001-400E-8B8F-3C44EED87A8C}.Debug|Win32.Build.0 = Debug|Win32
		{BC1BF15F-A001-400E-8B8F-3C44EED87A8C}.Release|Win32.ActiveCfg = Release|Win32
		{BC1BF15F-A001-400E-8B8F-3C44EED87A8C}.Release|Win32.Build.0 = Release|Win32
	EndGlobalSection
	GlobalSection(SolutionProperties) = preSolution
		HideSolutionNode = FALSE
	EndGlobalSection
EndGlobal
